
Microsoft Visual Studio Solution File, Format Version 12.00
# Visual Studio Version 16
VisualStudioVersion = 25.0.1700.3
MinimumVisualStudioVersion = 10.0.40219.1
Project("{FAE04EC0-301F-11D3-BF4B-00C04F79EFBC}") = "pub", "pub\pub.csproj", "{6BD9857B-A3D7-4030-9B38-B9FB0C8B2051}"
EndProject
Project("{FAE04EC0-301F-11D3-BF4B-00C04F79EFBC}") = "cons", "cons\cons.csproj", "{F2424DB9-0C84-4981-9A91-E6EB373B822C}"
EndProject
Global
	GlobalSection(SolutionConfigurationPlatforms) = preSolution
		Debug|Any CPU = Debug|Any CPU
		Release|Any CPU = Release|Any CPU
	EndGlobalSection
	GlobalSection(ProjectConfigurationPlatforms) = postSolution
		{6BD9857B-A3D7-4030-9B38-B9FB0C8B2051}.Debug|Any CPU.ActiveCfg = Debug|Any CPU
		{6BD9857B-A3D7-4030-9B38-B9FB0C8B2051}.Debug|Any CPU.Build.0 = Debug|Any CPU
		{6BD9857B-A3D7-4030-9B38-B9FB0C8B2051}.Release|Any CPU.ActiveCfg = Release|Any CPU
		{6BD9857B-A3D7-4030-9B38-B9FB0C8B2051}.Release|Any CPU.Build.0 = Release|Any CPU
		{F2424DB9-0C84-4981-9A91-E6EB373B822C}.Debug|Any CPU.ActiveCfg = Debug|Any CPU
		{F2424DB9-0C84-4981-9A91-E6EB373B822C}.Debug|Any CPU.Build.0 = Debug|Any CPU
		{F2424DB9-0C84-4981-9A91-E6EB373B822C}.Release|Any CPU.ActiveCfg = Release|Any CPU
		{F2424DB9-0C84-4981-9A91-E6EB373B822C}.Release|Any CPU.Build.0 = Release|Any CPU
	EndGlobalSection
	GlobalSection(SolutionProperties) = preSolution
		HideSolutionNode = FALSE
	EndGlobalSection
	GlobalSection(ExtensibilityGlobals) = postSolution
		SolutionGuid = {D3858BDD-AA8E-47C6-9E18-A0E85C24C041}
	EndGlobalSection
EndGlobal
