
Microsoft Visual Studio Solution File, Format Version 12.00
# Visual Studio Version 16
VisualStudioVersion = 25.0.1700.3
MinimumVisualStudioVersion = 10.0.40219.1
Project("{FAE04EC0-301F-11D3-BF4B-00C04F79EFBC}") = "cons", "cons.csproj", "{D9DD1DC0-F809-4D09-9AE6-BDC5DC669B68}"
EndProject
Global
	GlobalSection(SolutionConfigurationPlatforms) = preSolution
		Debug|Any CPU = Debug|Any CPU
		Release|Any CPU = Release|Any CPU
	EndGlobalSection
	GlobalSection(ProjectConfigurationPlatforms) = postSolution
		{D9DD1DC0-F809-4D09-9AE6-BDC5DC669B68}.Debug|Any CPU.ActiveCfg = Debug|Any CPU
		{D9DD1DC0-F809-4D09-9AE6-BDC5DC669B68}.Debug|Any CPU.Build.0 = Debug|Any CPU
		{D9DD1DC0-F809-4D09-9AE6-BDC5DC669B68}.Release|Any CPU.ActiveCfg = Release|Any CPU
		{D9DD1DC0-F809-4D09-9AE6-BDC5DC669B68}.Release|Any CPU.Build.0 = Release|Any CPU
	EndGlobalSection
	GlobalSection(SolutionProperties) = preSolution
		HideSolutionNode = FALSE
	EndGlobalSection
	GlobalSection(ExtensibilityGlobals) = postSolution
		SolutionGuid = {BF1D26E4-10D5-4BBB-893B-A5EA69172A9B}
	EndGlobalSection
EndGlobal
